
Microsoft Visual Studio Solution File, Format Version 12.00
# Visual Studio Version 17
VisualStudioVersion = 17.11.35327.3
MinimumVisualStudioVersion = 10.0.40219.1
Project("{FAE04EC0-301F-11D3-BF4B-00C04F79EFBC}") = "infomanagemnt_allysa", "infomanagemnt_allysa.csproj", "{7AFB41E4-8666-4F8D-9800-CB6C3B55630C}"
EndProject
Project("{FAE04EC0-301F-11D3-BF4B-00C04F79EFBC}") = "EmployeeManagementModels", "EmployeeManagementModels\EmployeeManagementModels.csproj", "{1AD9374C-BA72-4EFD-AE45-12D6E8BD07DB}"
EndProject
Project("{FAE04EC0-301F-11D3-BF4B-00C04F79EFBC}") = "EmployeeManagementDataService", "EmployeeManagementDataService\EmployeeManagementDataService.csproj", "{394FC441-8263-4565-9679-A584D073D6FF}"
EndProject
Project("{FAE04EC0-301F-11D3-BF4B-00C04F79EFBC}") = "EmployeeManagementAppService", "EmployeeManagementAppService\EmployeeManagementAppService.csproj", "{D6E00F34-7694-4973-905C-AEF1E0BD99A8}"
EndProject
Global
	GlobalSection(SolutionConfigurationPlatforms) = preSolution
		Debug|Any CPU = Debug|Any CPU
		Release|Any CPU = Release|Any CPU
	EndGlobalSection
	GlobalSection(ProjectConfigurationPlatforms) = postSolution
		{7AFB41E4-8666-4F8D-9800-CB6C3B55630C}.Debug|Any CPU.ActiveCfg = Debug|Any CPU
		{7AFB41E4-8666-4F8D-9800-CB6C3B55630C}.Debug|Any CPU.Build.0 = Debug|Any CPU
		{7AFB41E4-8666-4F8D-9800-CB6C3B55630C}.Release|Any CPU.ActiveCfg = Release|Any CPU
		{7AFB41E4-8666-4F8D-9800-CB6C3B55630C}.Release|Any CPU.Build.0 = Release|Any CPU
		{1AD9374C-BA72-4EFD-AE45-12D6E8BD07DB}.Debug|Any CPU.ActiveCfg = Debug|Any CPU
		{1AD9374C-BA72-4EFD-AE45-12D6E8BD07DB}.Debug|Any CPU.Build.0 = Debug|Any CPU
		{1AD9374C-BA72-4EFD-AE45-12D6E8BD07DB}.Release|Any CPU.ActiveCfg = Release|Any CPU
		{1AD9374C-BA72-4EFD-AE45-12D6E8BD07DB}.Release|Any CPU.Build.0 = Release|Any CPU
		{394FC441-8263-4565-9679-A584D073D6FF}.Debug|Any CPU.ActiveCfg = Debug|Any CPU
		{394FC441-8263-4565-9679-A584D073D6FF}.Debug|Any CPU.Build.0 = Debug|Any CPU
		{394FC441-8263-4565-9679-A584D073D6FF}.Release|Any CPU.ActiveCfg = Release|Any CPU
		{394FC441-8263-4565-9679-A584D073D6FF}.Release|Any CPU.Build.0 = Release|Any CPU
		{D6E00F34-7694-4973-905C-AEF1E0BD99A8}.Debug|Any CPU.ActiveCfg = Debug|Any CPU
		{D6E00F34-7694-4973-905C-AEF1E0BD99A8}.Debug|Any CPU.Build.0 = Debug|Any CPU
		{D6E00F34-7694-4973-905C-AEF1E0BD99A8}.Release|Any CPU.ActiveCfg = Release|Any CPU
		{D6E00F34-7694-4973-905C-AEF1E0BD99A8}.Release|Any CPU.Build.0 = Release|Any CPU
	EndGlobalSection
	GlobalSection(SolutionProperties) = preSolution
		HideSolutionNode = FALSE
	EndGlobalSection
	GlobalSection(ExtensibilityGlobals) = postSolution
		SolutionGuid = {B647C17F-42E8-420D-9B15-DBD5C5961961}
	EndGlobalSection
EndGlobal
